{
    "_readme": [
        "This file locks the dependencies of your project to a known state",
        "Read more about it at http://getcomposer.org/doc/01-basic-usage.md#composer-lock-the-lock-file",
        "This file is @generated automatically"
    ],
    "hash": "500b1f178990db4ceca305507cf21fd2",
    "packages": [
        {
            "name": "WordPress/WordPress",
            "version": "4.1",
            "dist": {
                "type": "zip",
                "url": "https://github.com/WordPress/WordPress/archive/4.1.zip",
                "reference": null,
                "shasum": null
            },
            "type": "library"
        },
        {
            "name": "composer/installers",
            "version": "v1.0.21",
            "source": {
                "type": "git",
                "url": "https://github.com/composer/installers.git",
                "reference": "d64e23fce42a4063d63262b19b8e7c0f3b5e4c45"
            },
            "dist": {
                "type": "zip",
                "url": "https://api.github.com/repos/composer/installers/zipball/d64e23fce42a4063d63262b19b8e7c0f3b5e4c45",
                "reference": "d64e23fce42a4063d63262b19b8e7c0f3b5e4c45",
                "shasum": ""
            },
            "replace": {
                "roundcube/plugin-installer": "*",
                "shama/baton": "*"
            },
            "require-dev": {
                "composer/composer": "1.0.*@dev",
                "phpunit/phpunit": "4.1.*"
            },
            "type": "composer-installer",
            "extra": {
                "class": "Composer\\Installers\\Installer",
                "branch-alias": {
                    "dev-master": "1.0-dev"
                }
            },
            "autoload": {
                "psr-0": {
                    "Composer\\Installers\\": "src/"
                }
            },
            "notification-url": "https://packagist.org/downloads/",
            "license": [
                "MIT"
            ],
            "authors": [
                {
                    "name": "Kyle Robinson Young",
                    "email": "kyle@dontkry.com",
                    "homepage": "https://github.com/shama"
                }
            ],
            "description": "A multi-framework Composer library installer",
            "homepage": "http://composer.github.com/installers/",
            "keywords": [
                "Craft",
                "Dolibarr",
                "Hurad",
                "MODX Evo",
                "OXID",
                "SMF",
                "Thelia",
                "WolfCMS",
                "agl",
                "aimeos",
                "annotatecms",
                "bitrix",
                "cakephp",
                "chef",
                "codeigniter",
                "concrete5",
                "croogo",
                "dokuwiki",
                "drupal",
                "elgg",
                "fuelphp",
                "grav",
                "installer",
                "joomla",
                "kohana",
                "laravel",
                "lithium",
                "magento",
                "mako",
                "mediawiki",
                "modulework",
                "moodle",
                "phpbb",
                "piwik",
                "ppi",
                "puppet",
                "roundcube",
                "shopware",
                "silverstripe",
                "symfony",
                "typo3",
                "wordpress",
                "zend",
                "zikula"
            ],
            "time": "2015-02-18 17:17:01"
        },
        {
            "name": "wpackagist-plugin/akismet",
            "version": "2.6.0",
            "source": {
                "type": "svn",
                "url": "http://plugins.svn.wordpress.org/akismet/",
                "reference": "tags/2.6.0"
            },
            "dist": {
                "type": "zip",
                "url": "http://downloads.wordpress.org/plugin/akismet.2.6.0.zip",
                "reference": null,
                "shasum": null
            },
            "require": {
                "composer/installers": "~1.0"
            },
            "type": "wordpress-plugin",
            "homepage": "https://wordpress.org/plugins/akismet/"
        },
        {
            "name": "wpackagist-plugin/all-in-one-seo-pack",
            "version": "2.2.7.2",
            "source": {
                "type": "svn",
                "url": "http://plugins.svn.wordpress.org/all-in-one-seo-pack/",
                "reference": "tags/2.2.7.2"
            },
            "dist": {
                "type": "zip",
                "url": "https://downloads.wordpress.org/plugin/all-in-one-seo-pack.2.2.7.2.zip",
                "reference": null,
                "shasum": null
            },
            "require": {
                "composer/installers": "~1.0"
            },
            "type": "wordpress-plugin",
            "homepage": "https://wordpress.org/plugins/all-in-one-seo-pack/"
        },
        {
            "name": "wpackagist-plugin/authy-two-factor-authentication",
            "version": "2.5.5",
            "source": {
                "type": "svn",
                "url": "http://plugins.svn.wordpress.org/authy-two-factor-authentication/",
                "reference": "tags/2.5.5"
            },
            "dist": {
                "type": "zip",
                "url": "http://downloads.wordpress.org/plugin/authy-two-factor-authentication.2.5.5.zip",
                "reference": null,
                "shasum": null
            },
            "require": {
                "composer/installers": "~1.0"
            },
            "type": "wordpress-plugin",
            "homepage": "https://wordpress.org/plugins/authy-two-factor-authentication/"
        },
        {
            "name": "wpackagist-plugin/contact-form-7",
            "version": "3.9.3",
            "source": {
                "type": "svn",
                "url": "http://plugins.svn.wordpress.org/contact-form-7/",
                "reference": "tags/3.9.3"
            },
            "dist": {
                "type": "zip",
                "url": "http://downloads.wordpress.org/plugin/contact-form-7.3.9.3.zip",
                "reference": null,
                "shasum": null
            },
            "require": {
                "composer/installers": "~1.0"
            },
            "type": "wordpress-plugin",
            "homepage": "https://wordpress.org/plugins/contact-form-7/"
        },
        {
            "name": "wpackagist-plugin/disqus-comment-system",
            "version": "2.84",
            "source": {
                "type": "svn",
                "url": "http://plugins.svn.wordpress.org/disqus-comment-system/",
                "reference": "trunk"
            },
            "dist": {
                "type": "zip",
                "url": "http://downloads.wordpress.org/plugin/disqus-comment-system.zip",
                "reference": null,
                "shasum": null
            },
            "require": {
                "composer/installers": "~1.0"
            },
            "type": "wordpress-plugin",
            "homepage": "https://wordpress.org/plugins/disqus-comment-system/"
        },
        {
            "name": "wpackagist-plugin/download-monitor",
            "version": "1.9.0",
            "source": {
                "type": "svn",
                "url": "http://plugins.svn.wordpress.org/download-monitor/",
                "reference": "tags/1.9.0"
            },
            "dist": {
                "type": "zip",
                "url": "https://downloads.wordpress.org/plugin/download-monitor.1.9.0.zip",
                "reference": null,
                "shasum": null
            },
            "require": {
                "composer/installers": "~1.0"
            },
            "type": "wordpress-plugin",
            "homepage": "https://wordpress.org/plugins/download-monitor/"
        },
        {
            "name": "wpackagist-plugin/public-post-preview",
            "version": "2.4",
            "source": {
                "type": "svn",
                "url": "http://plugins.svn.wordpress.org/public-post-preview/",
                "reference": "tags/2.4"
            },
            "dist": {
                "type": "zip",
                "url": "http://downloads.wordpress.org/plugin/public-post-preview.2.4.zip",
                "reference": null,
                "shasum": null
            },
            "require": {
                "composer/installers": "~1.0"
            },
            "type": "wordpress-plugin",
            "homepage": "https://wordpress.org/plugins/public-post-preview/"
        },
        {
            "name": "wpackagist-plugin/sendgrid-email-delivery-simplified",
            "version": "1.6.3",
            "source": {
                "type": "svn",
                "url": "http://plugins.svn.wordpress.org/sendgrid-email-delivery-simplified/",
                "reference": "trunk"
            },
            "dist": {
                "type": "zip",
                "url": "https://downloads.wordpress.org/plugin/sendgrid-email-delivery-simplified.zip",
                "reference": null,
                "shasum": null
            },
            "require": {
                "composer/installers": "~1.0"
            },
            "type": "wordpress-plugin",
            "homepage": "https://wordpress.org/plugins/sendgrid-email-delivery-simplified/"
        },
        {
            "name": "wpackagist-plugin/swift-mailer",
            "version": "4.3.0",
            "source": {
                "type": "svn",
                "url": "http://plugins.svn.wordpress.org/swift-mailer/",
                "reference": "trunk"
            },
            "dist": {
                "type": "zip",
                "url": "http://downloads.wordpress.org/plugin/swift-mailer.zip",
                "reference": null,
                "shasum": null
            },
            "require": {
                "composer/installers": "~1.0"
            },
            "type": "wordpress-plugin",
            "homepage": "https://wordpress.org/plugins/swift-mailer/"
        },
        {
            "name": "wpackagist-plugin/wp-author-box-lite",
            "version": "1.0.5",
            "source": {
                "type": "svn",
                "url": "http://plugins.svn.wordpress.org/wp-author-box-lite/",
                "reference": "trunk"
            },
            "dist": {
                "type": "zip",
                "url": "https://downloads.wordpress.org/plugin/wp-author-box-lite.zip",
                "reference": null,
                "shasum": null
            },
            "require": {
                "composer/installers": "~1.0"
            },
            "type": "wordpress-plugin",
            "homepage": "https://wordpress.org/plugins/wp-author-box-lite/"
        },
        {
            "name": "wpackagist-plugin/wp-csv",
            "version": "1.7.8",
            "source": {
                "type": "svn",
                "url": "http://plugins.svn.wordpress.org/wp-csv/",
                "reference": "tags/1.7.8"
            },
            "dist": {
                "type": "zip",
                "url": "https://downloads.wordpress.org/plugin/wp-csv.1.7.8.zip",
                "reference": null,
                "shasum": null
            },
            "require": {
                "composer/installers": "~1.0"
            },
            "type": "wordpress-plugin",
            "homepage": "https://wordpress.org/plugins/wp-csv/"
        },
        {
            "name": "wpackagist-plugin/wp-markdown",
            "version": "1.5.1",
            "source": {
                "type": "svn",
                "url": "http://plugins.svn.wordpress.org/wp-markdown/",
                "reference": "tags/1.5.1"
            },
            "dist": {
                "type": "zip",
                "url": "https://downloads.wordpress.org/plugin/wp-markdown.1.5.1.zip",
                "reference": null,
                "shasum": null
            },
            "require": {
                "composer/installers": "~1.0"
            },
            "type": "wordpress-plugin",
            "homepage": "https://wordpress.org/plugins/wp-markdown/"
        },
        {
            "name": "wpackagist-plugin/wpro",
            "version": "1.0",
            "source": {
                "type": "svn",
                "url": "http://plugins.svn.wordpress.org/wpro/",
                "reference": "tags/1.0"
            },
            "dist": {
                "type": "zip",
                "url": "http://downloads.wordpress.org/plugin/wpro.1.0.zip",
                "reference": null,
                "shasum": null
            },
            "require": {
                "composer/installers": "~1.0"
            },
            "type": "wordpress-plugin",
            "homepage": "https://wordpress.org/plugins/wpro/"
        }
    ],
    "packages-dev": [
        {
            "name": "heroku/heroku-buildpack-php",
            "version": "dev-master",
            "source": {
                "type": "git",
                "url": "https://github.com/heroku/heroku-buildpack-php.git",
                "reference": "6db8c2a37e131ad811f5518ddfbe0e6248f49337"
            },
            "dist": {
                "type": "zip",
                "url": "https://api.github.com/repos/heroku/heroku-buildpack-php/zipball/6db8c2a37e131ad811f5518ddfbe0e6248f49337",
                "reference": "6db8c2a37e131ad811f5518ddfbe0e6248f49337",
                "shasum": ""
            },
            "bin": [
                "bin/heroku-hhvm-apache2",
                "bin/heroku-hhvm-nginx",
                "bin/heroku-php-apache2",
                "bin/heroku-php-nginx"
            ],
            "type": "library",
            "notification-url": "https://packagist.org/downloads/",
            "license": [
                "MIT"
            ],
            "authors": [
                {
                    "name": "David Zuelke",
                    "email": "dz@heroku.com"
                }
            ],
            "description": "Toolkit for starting a PHP application locally, with or without foreman, using the same config for PHP/HHVM and Apache2/Nginx as on Heroku",
            "homepage": "http://github.com/heroku/heroku-buildpack-php",
            "keywords": [
                "apache",
                "apache2",
                "foreman",
                "heroku",
                "hhvm",
                "nginx",
                "php"
            ],
            "time": "2015-10-01 19:46:08"
        }
    ],
    "aliases": [],
    "minimum-stability": "stable",
    "stability-flags": {
        "heroku/heroku-buildpack-php": 20
    },
    "prefer-stable": false,
    "prefer-lowest": false,
    "platform": {
        "hhvm": "~3.2"
    },
    "platform-dev": []
}
